
Microsoft Visual Studio Solution File, Format Version 12.00
# Visual Studio 14
VisualStudioVersion = 14.0.25420.1
MinimumVisualStudioVersion = 10.0.40219.1
Project("{FAE04EC0-301F-11D3-BF4B-00C04F79EFBC}") = "02.SumTo13", "02.SumTo13\02.SumTo13.csproj", "{5EDD1594-81DA-4C3B-B2DD-807AA33968A3}"
EndProject
Project("{FAE04EC0-301F-11D3-BF4B-00C04F79EFBC}") = "01.Elections", "01.Elections\01.Elections.csproj", "{3F8122F1-5C10-42A8-B809-829F37AB1679}"
EndProject
Project("{FAE04EC0-301F-11D3-BF4B-00C04F79EFBC}") = "03.Lumber", "03.Lumber\03.Lumber.csproj", "{472BB962-3802-4700-8996-D08BAD4943D6}"
EndProject
Global
	GlobalSection(SolutionConfigurationPlatforms) = preSolution
		Debug|Any CPU = Debug|Any CPU
		Release|Any CPU = Release|Any CPU
	EndGlobalSection
	GlobalSection(ProjectConfigurationPlatforms) = postSolution
		{5EDD1594-81DA-4C3B-B2DD-807AA33968A3}.Debug|Any CPU.ActiveCfg = Debug|Any CPU
		{5EDD1594-81DA-4C3B-B2DD-807AA33968A3}.Debug|Any CPU.Build.0 = Debug|Any CPU
		{5EDD1594-81DA-4C3B-B2DD-807AA33968A3}.Release|Any CPU.ActiveCfg = Release|Any CPU
		{5EDD1594-81DA-4C3B-B2DD-807AA33968A3}.Release|Any CPU.Build.0 = Release|Any CPU
		{3F8122F1-5C10-42A8-B809-829F37AB1679}.Debug|Any CPU.ActiveCfg = Debug|Any CPU
		{3F8122F1-5C10-42A8-B809-829F37AB1679}.Debug|Any CPU.Build.0 = Debug|Any CPU
		{3F8122F1-5C10-42A8-B809-829F37AB1679}.Release|Any CPU.ActiveCfg = Release|Any CPU
		{3F8122F1-5C10-42A8-B809-829F37AB1679}.Release|Any CPU.Build.0 = Release|Any CPU
		{472BB962-3802-4700-8996-D08BAD4943D6}.Debug|Any CPU.ActiveCfg = Debug|Any CPU
		{472BB962-3802-4700-8996-D08BAD4943D6}.Debug|Any CPU.Build.0 = Debug|Any CPU
		{472BB962-3802-4700-8996-D08BAD4943D6}.Release|Any CPU.ActiveCfg = Release|Any CPU
		{472BB962-3802-4700-8996-D08BAD4943D6}.Release|Any CPU.Build.0 = Release|Any CPU
	EndGlobalSection
	GlobalSection(SolutionProperties) = preSolution
		HideSolutionNode = FALSE
	EndGlobalSection
EndGlobal
