
Microsoft Visual Studio Solution File, Format Version 12.00
# Visual Studio 14
VisualStudioVersion = 14.0.25420.1
MinimumVisualStudioVersion = 10.0.40219.1
Project("{FAE04EC0-301F-11D3-BF4B-00C04F79EFBC}") = "01.Sorting", "01.Sorting\01.Sorting.csproj", "{A2BE4BAB-C380-4D77-B741-4A4196F178D0}"
EndProject
Project("{FAE04EC0-301F-11D3-BF4B-00C04F79EFBC}") = "02.Search", "02.Search\02.Search.csproj", "{2F4CE3FE-7B8E-464C-A0D4-E46DF96D346B}"
EndProject
Project("{FAE04EC0-301F-11D3-BF4B-00C04F79EFBC}") = "03.InversionCount", "03.InversionCount\03.InversionCount.csproj", "{9F064211-4E1E-4A39-9F66-B1016D7294E4}"
EndProject
Global
	GlobalSection(SolutionConfigurationPlatforms) = preSolution
		Debug|Any CPU = Debug|Any CPU
		Release|Any CPU = Release|Any CPU
	EndGlobalSection
	GlobalSection(ProjectConfigurationPlatforms) = postSolution
		{A2BE4BAB-C380-4D77-B741-4A4196F178D0}.Debug|Any CPU.ActiveCfg = Debug|Any CPU
		{A2BE4BAB-C380-4D77-B741-4A4196F178D0}.Debug|Any CPU.Build.0 = Debug|Any CPU
		{A2BE4BAB-C380-4D77-B741-4A4196F178D0}.Release|Any CPU.ActiveCfg = Release|Any CPU
		{A2BE4BAB-C380-4D77-B741-4A4196F178D0}.Release|Any CPU.Build.0 = Release|Any CPU
		{2F4CE3FE-7B8E-464C-A0D4-E46DF96D346B}.Debug|Any CPU.ActiveCfg = Debug|Any CPU
		{2F4CE3FE-7B8E-464C-A0D4-E46DF96D346B}.Debug|Any CPU.Build.0 = Debug|Any CPU
		{2F4CE3FE-7B8E-464C-A0D4-E46DF96D346B}.Release|Any CPU.ActiveCfg = Release|Any CPU
		{2F4CE3FE-7B8E-464C-A0D4-E46DF96D346B}.Release|Any CPU.Build.0 = Release|Any CPU
		{9F064211-4E1E-4A39-9F66-B1016D7294E4}.Debug|Any CPU.ActiveCfg = Debug|Any CPU
		{9F064211-4E1E-4A39-9F66-B1016D7294E4}.Debug|Any CPU.Build.0 = Debug|Any CPU
		{9F064211-4E1E-4A39-9F66-B1016D7294E4}.Release|Any CPU.ActiveCfg = Release|Any CPU
		{9F064211-4E1E-4A39-9F66-B1016D7294E4}.Release|Any CPU.Build.0 = Release|Any CPU
	EndGlobalSection
	GlobalSection(SolutionProperties) = preSolution
		HideSolutionNode = FALSE
	EndGlobalSection
EndGlobal
