
Microsoft Visual Studio Solution File, Format Version 12.00
# Visual Studio 14
VisualStudioVersion = 14.0.25420.1
MinimumVisualStudioVersion = 10.0.40219.1
Project("{FAE04EC0-301F-11D3-BF4B-00C04F79EFBC}") = "01.FractionalKnapsackProblem", "01.FractionalKnapsackProblem\01.FractionalKnapsackProblem.csproj", "{DC3BF289-1934-44F7-9ED6-C80663320855}"
EndProject
Project("{FAE04EC0-301F-11D3-BF4B-00C04F79EFBC}") = "02.ProcessorScheduling", "02.ProcessorScheduling\02.ProcessorScheduling.csproj", "{8B6C805D-8A69-4DD1-B3AD-E8600BAD7FED}"
EndProject
Project("{FAE04EC0-301F-11D3-BF4B-00C04F79EFBC}") = "03.KnightsTour", "03.KnightsTour\03.KnightsTour.csproj", "{F12D21EE-BFC0-4BC5-8C2D-556ED0DC6DA0}"
EndProject
Project("{FAE04EC0-301F-11D3-BF4B-00C04F79EFBC}") = "04.BestLecturesSchedule", "04.BestLecturesSchedule\04.BestLecturesSchedule.csproj", "{8CB10C69-0C71-4351-B418-906D25A2A17E}"
EndProject
Project("{FAE04EC0-301F-11D3-BF4B-00C04F79EFBC}") = "05.EgyptianFractions", "05.EgyptianFractions\05.EgyptianFractions.csproj", "{4D1FA305-4E4C-481F-9804-3079A4EACB86}"
EndProject
Global
	GlobalSection(SolutionConfigurationPlatforms) = preSolution
		Debug|Any CPU = Debug|Any CPU
		Release|Any CPU = Release|Any CPU
	EndGlobalSection
	GlobalSection(ProjectConfigurationPlatforms) = postSolution
		{DC3BF289-1934-44F7-9ED6-C80663320855}.Debug|Any CPU.ActiveCfg = Debug|Any CPU
		{DC3BF289-1934-44F7-9ED6-C80663320855}.Debug|Any CPU.Build.0 = Debug|Any CPU
		{DC3BF289-1934-44F7-9ED6-C80663320855}.Release|Any CPU.ActiveCfg = Release|Any CPU
		{DC3BF289-1934-44F7-9ED6-C80663320855}.Release|Any CPU.Build.0 = Release|Any CPU
		{8B6C805D-8A69-4DD1-B3AD-E8600BAD7FED}.Debug|Any CPU.ActiveCfg = Debug|Any CPU
		{8B6C805D-8A69-4DD1-B3AD-E8600BAD7FED}.Debug|Any CPU.Build.0 = Debug|Any CPU
		{8B6C805D-8A69-4DD1-B3AD-E8600BAD7FED}.Release|Any CPU.ActiveCfg = Release|Any CPU
		{8B6C805D-8A69-4DD1-B3AD-E8600BAD7FED}.Release|Any CPU.Build.0 = Release|Any CPU
		{F12D21EE-BFC0-4BC5-8C2D-556ED0DC6DA0}.Debug|Any CPU.ActiveCfg = Debug|Any CPU
		{F12D21EE-BFC0-4BC5-8C2D-556ED0DC6DA0}.Debug|Any CPU.Build.0 = Debug|Any CPU
		{F12D21EE-BFC0-4BC5-8C2D-556ED0DC6DA0}.Release|Any CPU.ActiveCfg = Release|Any CPU
		{F12D21EE-BFC0-4BC5-8C2D-556ED0DC6DA0}.Release|Any CPU.Build.0 = Release|Any CPU
		{8CB10C69-0C71-4351-B418-906D25A2A17E}.Debug|Any CPU.ActiveCfg = Debug|Any CPU
		{8CB10C69-0C71-4351-B418-906D25A2A17E}.Debug|Any CPU.Build.0 = Debug|Any CPU
		{8CB10C69-0C71-4351-B418-906D25A2A17E}.Release|Any CPU.ActiveCfg = Release|Any CPU
		{8CB10C69-0C71-4351-B418-906D25A2A17E}.Release|Any CPU.Build.0 = Release|Any CPU
		{4D1FA305-4E4C-481F-9804-3079A4EACB86}.Debug|Any CPU.ActiveCfg = Debug|Any CPU
		{4D1FA305-4E4C-481F-9804-3079A4EACB86}.Debug|Any CPU.Build.0 = Debug|Any CPU
		{4D1FA305-4E4C-481F-9804-3079A4EACB86}.Release|Any CPU.ActiveCfg = Release|Any CPU
		{4D1FA305-4E4C-481F-9804-3079A4EACB86}.Release|Any CPU.Build.0 = Release|Any CPU
	EndGlobalSection
	GlobalSection(SolutionProperties) = preSolution
		HideSolutionNode = FALSE
	EndGlobalSection
EndGlobal
